// !$*UTF8*$!
{
	archiveVersion = 1;
	classes = {
	};
	objectVersion = 77;
	objects = {

/* Begin PBXBuildFile section */
		943E49862F34A066006E272C /* SafariPortflowCoachDashboard Extension.appex in Embed Foundation Extensions */ = {isa = PBXBuildFile; fileRef = 943E49852F34A066006E272C /* SafariPortflowCoachDashboard Extension.appex */; settings = {ATTRIBUTES = (RemoveHeadersOnCopy, ); }; };
		943E49902F34A066006E272C /* SafariPortflowCoachDashboard Extension.appex in Embed Foundation Extensions */ = {isa = PBXBuildFile; fileRef = 943E498F2F34A066006E272C /* SafariPortflowCoachDashboard Extension.appex */; settings = {ATTRIBUTES = (RemoveHeadersOnCopy, ); }; };
/* End PBXBuildFile section */

/* Begin PBXContainerItemProxy section */
		943E49872F34A066006E272C /* PBXContainerItemProxy */ = {
			isa = PBXContainerItemProxy;
			containerPortal = 943E494C2F34A064006E272C /* Project object */;
			proxyType = 1;
			remoteGlobalIDString = 943E49842F34A066006E272C;
			remoteInfo = "SafariPortflowCoachDashboard Extension (iOS)";
		};
		943E49912F34A066006E272C /* PBXContainerItemProxy */ = {
			isa = PBXContainerItemProxy;
			containerPortal = 943E494C2F34A064006E272C /* Project object */;
			proxyType = 1;
			remoteGlobalIDString = 943E498E2F34A066006E272C;
			remoteInfo = "SafariPortflowCoachDashboard Extension (macOS)";
		};
/* End PBXContainerItemProxy section */

/* Begin PBXCopyFilesBuildPhase section */
		943E49B82F34A066006E272C /* Embed Foundation Extensions */ = {
			isa = PBXCopyFilesBuildPhase;
			buildActionMask = 2147483647;
			dstPath = "";
			dstSubfolderSpec = 13;
			files = (
				943E49862F34A066006E272C /* SafariPortflowCoachDashboard Extension.appex in Embed Foundation Extensions */,
			);
			name = "Embed Foundation Extensions";
			runOnlyForDeploymentPostprocessing = 0;
		};
		943E49C22F34A066006E272C /* Embed Foundation Extensions */ = {
			isa = PBXCopyFilesBuildPhase;
			buildActionMask = 2147483647;
			dstPath = "";
			dstSubfolderSpec = 13;
			files = (
				943E49902F34A066006E272C /* SafariPortflowCoachDashboard Extension.appex in Embed Foundation Extensions */,
			);
			name = "Embed Foundation Extensions";
			runOnlyForDeploymentPostprocessing = 0;
		};
/* End PBXCopyFilesBuildPhase section */

/* Begin PBXFileReference section */
		943E49682F34A066006E272C /* SafariPortflowCoachDashboard.app */ = {isa = PBXFileReference; explicitFileType = wrapper.application; includeInIndex = 0; path = SafariPortflowCoachDashboard.app; sourceTree = BUILT_PRODUCTS_DIR; };
		943E497A2F34A066006E272C /* SafariPortflowCoachDashboard.app */ = {isa = PBXFileReference; explicitFileType = wrapper.application; includeInIndex = 0; path = SafariPortflowCoachDashboard.app; sourceTree = BUILT_PRODUCTS_DIR; };
		943E49852F34A066006E272C /* SafariPortflowCoachDashboard Extension.appex */ = {isa = PBXFileReference; explicitFileType = "wrapper.app-extension"; includeInIndex = 0; path = "SafariPortflowCoachDashboard Extension.appex"; sourceTree = BUILT_PRODUCTS_DIR; };
		943E498F2F34A066006E272C /* SafariPortflowCoachDashboard Extension.appex */ = {isa = PBXFileReference; explicitFileType = "wrapper.app-extension"; includeInIndex = 0; path = "SafariPortflowCoachDashboard Extension.appex"; sourceTree = BUILT_PRODUCTS_DIR; };
/* End PBXFileReference section */

/* Begin PBXFileSystemSynchronizedBuildFileExceptionSet section */
		943E49B32F34A066006E272C /* Exceptions for "Shared (App)" folder in "SafariPortflowCoachDashboard (iOS)" target */ = {
			isa = PBXFileSystemSynchronizedBuildFileExceptionSet;
			membershipExceptions = (
				"/Localized: Resources/Main.html",
				Assets.xcassets,
				Resources/Icon.png,
				Resources/Script.js,
				Resources/Style.css,
				ViewController.swift,
			);
			target = 943E49672F34A066006E272C /* SafariPortflowCoachDashboard (iOS) */;
		};
		943E49B72F34A066006E272C /* Exceptions for "iOS (Extension)" folder in "SafariPortflowCoachDashboard Extension (iOS)" target */ = {
			isa = PBXFileSystemSynchronizedBuildFileExceptionSet;
			membershipExceptions = (
				Info.plist,
			);
			target = 943E49842F34A066006E272C /* SafariPortflowCoachDashboard Extension (iOS) */;
		};
		943E49BC2F34A066006E272C /* Exceptions for "iOS (App)" folder in "SafariPortflowCoachDashboard (iOS)" target */ = {
			isa = PBXFileSystemSynchronizedBuildFileExceptionSet;
			membershipExceptions = (
				Info.plist,
			);
			target = 943E49672F34A066006E272C /* SafariPortflowCoachDashboard (iOS) */;
		};
		943E49BD2F34A066006E272C /* Exceptions for "Shared (App)" folder in "SafariPortflowCoachDashboard (macOS)" target */ = {
			isa = PBXFileSystemSynchronizedBuildFileExceptionSet;
			membershipExceptions = (
				"/Localized: Resources/Main.html",
				Assets.xcassets,
				Resources/Icon.png,
				Resources/Script.js,
				Resources/Style.css,
				ViewController.swift,
			);
			target = 943E49792F34A066006E272C /* SafariPortflowCoachDashboard (macOS) */;
		};
		943E49C12F34A066006E272C /* Exceptions for "macOS (Extension)" folder in "SafariPortflowCoachDashboard Extension (macOS)" target */ = {
			isa = PBXFileSystemSynchronizedBuildFileExceptionSet;
			membershipExceptions = (
				Info.plist,
			);
			target = 943E498E2F34A066006E272C /* SafariPortflowCoachDashboard Extension (macOS) */;
		};
		943E49C62F34A066006E272C /* Exceptions for "Shared (Extension)" folder in "SafariPortflowCoachDashboard Extension (iOS)" target */ = {
			isa = PBXFileSystemSynchronizedBuildFileExceptionSet;
			membershipExceptions = (
				Resources/_locales,
				Resources/background.js,
				Resources/content.js,
				Resources/images,
				Resources/manifest.json,
				Resources/popup.css,
				Resources/popup.html,
				Resources/popup.js,
				SafariWebExtensionHandler.swift,
			);
			target = 943E49842F34A066006E272C /* SafariPortflowCoachDashboard Extension (iOS) */;
		};
		943E49C72F34A066006E272C /* Exceptions for "Shared (Extension)" folder in "SafariPortflowCoachDashboard Extension (macOS)" target */ = {
			isa = PBXFileSystemSynchronizedBuildFileExceptionSet;
			membershipExceptions = (
				Resources/_locales,
				Resources/background.js,
				Resources/content.js,
				Resources/images,
				Resources/manifest.json,
				Resources/popup.css,
				Resources/popup.html,
				Resources/popup.js,
				SafariWebExtensionHandler.swift,
			);
			target = 943E498E2F34A066006E272C /* SafariPortflowCoachDashboard Extension (macOS) */;
		};
/* End PBXFileSystemSynchronizedBuildFileExceptionSet section */

/* Begin PBXFileSystemSynchronizedRootGroup section */
		943E49502F34A064006E272C /* Shared (App) */ = {
			isa = PBXFileSystemSynchronizedRootGroup;
			exceptions = (
				943E49B32F34A066006E272C /* Exceptions for "Shared (App)" folder in "SafariPortflowCoachDashboard (iOS)" target */,
				943E49BD2F34A066006E272C /* Exceptions for "Shared (App)" folder in "SafariPortflowCoachDashboard (macOS)" target */,
			);
			path = "Shared (App)";
			sourceTree = "<group>";
		};
		943E49592F34A065006E272C /* Shared (Extension) */ = {
			isa = PBXFileSystemSynchronizedRootGroup;
			exceptions = (
				943E49C62F34A066006E272C /* Exceptions for "Shared (Extension)" folder in "SafariPortflowCoachDashboard Extension (iOS)" target */,
				943E49C72F34A066006E272C /* Exceptions for "Shared (Extension)" folder in "SafariPortflowCoachDashboard Extension (macOS)" target */,
			);
			explicitFolders = (
				Resources/_locales,
				Resources/images,
			);
			path = "Shared (Extension)";
			sourceTree = "<group>";
		};
		943E496A2F34A066006E272C /* iOS (App) */ = {
			isa = PBXFileSystemSynchronizedRootGroup;
			exceptions = (
				943E49BC2F34A066006E272C /* Exceptions for "iOS (App)" folder in "SafariPortflowCoachDashboard (iOS)" target */,
			);
			path = "iOS (App)";
			sourceTree = "<group>";
		};
		943E497B2F34A066006E272C /* macOS (App) */ = {
			isa = PBXFileSystemSynchronizedRootGroup;
			path = "macOS (App)";
			sourceTree = "<group>";
		};
		943E49892F34A066006E272C /* iOS (Extension) */ = {
			isa = PBXFileSystemSynchronizedRootGroup;
			exceptions = (
				943E49B72F34A066006E272C /* Exceptions for "iOS (Extension)" folder in "SafariPortflowCoachDashboard Extension (iOS)" target */,
			);
			path = "iOS (Extension)";
			sourceTree = "<group>";
		};
		943E49932F34A066006E272C /* macOS (Extension) */ = {
			isa = PBXFileSystemSynchronizedRootGroup;
			exceptions = (
				943E49C12F34A066006E272C /* Exceptions for "macOS (Extension)" folder in "SafariPortflowCoachDashboard Extension (macOS)" target */,
			);
			path = "macOS (Extension)";
			sourceTree = "<group>";
		};
/* End PBXFileSystemSynchronizedRootGroup section */

/* Begin PBXFrameworksBuildPhase section */
		943E49652F34A066006E272C /* Frameworks */ = {
			isa = PBXFrameworksBuildPhase;
			buildActionMask = 2147483647;
			files = (
			);
			runOnlyForDeploymentPostprocessing = 0;
		};
		943E49772F34A066006E272C /* Frameworks */ = {
			isa = PBXFrameworksBuildPhase;
			buildActionMask = 2147483647;
			files = (
			);
			runOnlyForDeploymentPostprocessing = 0;
		};
		943E49822F34A066006E272C /* Frameworks */ = {
			isa = PBXFrameworksBuildPhase;
			buildActionMask = 2147483647;
			files = (
			);
			runOnlyForDeploymentPostprocessing = 0;
		};
		943E498C2F34A066006E272C /* Frameworks */ = {
			isa = PBXFrameworksBuildPhase;
			buildActionMask = 2147483647;
			files = (
			);
			runOnlyForDeploymentPostprocessing = 0;
		};
/* End PBXFrameworksBuildPhase section */

/* Begin PBXGroup section */
		943E494B2F34A064006E272C = {
			isa = PBXGroup;
			children = (
				943E49502F34A064006E272C /* Shared (App) */,
				943E49592F34A065006E272C /* Shared (Extension) */,
				943E496A2F34A066006E272C /* iOS (App) */,
				943E497B2F34A066006E272C /* macOS (App) */,
				943E49892F34A066006E272C /* iOS (Extension) */,
				943E49932F34A066006E272C /* macOS (Extension) */,
				943E49692F34A066006E272C /* Products */,
			);
			sourceTree = "<group>";
		};
		943E49692F34A066006E272C /* Products */ = {
			isa = PBXGroup;
			children = (
				943E49682F34A066006E272C /* SafariPortflowCoachDashboard.app */,
				943E497A2F34A066006E272C /* SafariPortflowCoachDashboard.app */,
				943E49852F34A066006E272C /* SafariPortflowCoachDashboard Extension.appex */,
				943E498F2F34A066006E272C /* SafariPortflowCoachDashboard Extension.appex */,
			);
			name = Products;
			sourceTree = "<group>";
		};
/* End PBXGroup section */

/* Begin PBXNativeTarget section */
		943E49672F34A066006E272C /* SafariPortflowCoachDashboard (iOS) */ = {
			isa = PBXNativeTarget;
			buildConfigurationList = 943E49B92F34A066006E272C /* Build configuration list for PBXNativeTarget "SafariPortflowCoachDashboard (iOS)" */;
			buildPhases = (
				943E49642F34A066006E272C /* Sources */,
				943E49652F34A066006E272C /* Frameworks */,
				943E49662F34A066006E272C /* Resources */,
				943E49B82F34A066006E272C /* Embed Foundation Extensions */,
			);
			buildRules = (
			);
			dependencies = (
				943E49882F34A066006E272C /* PBXTargetDependency */,
			);
			fileSystemSynchronizedGroups = (
				943E496A2F34A066006E272C /* iOS (App) */,
			);
			name = "SafariPortflowCoachDashboard (iOS)";
			packageProductDependencies = (
			);
			productName = "SafariPortflowCoachDashboard (iOS)";
			productReference = 943E49682F34A066006E272C /* SafariPortflowCoachDashboard.app */;
			productType = "com.apple.product-type.application";
		};
		943E49792F34A066006E272C /* SafariPortflowCoachDashboard (macOS) */ = {
			isa = PBXNativeTarget;
			buildConfigurationList = 943E49C32F34A066006E272C /* Build configuration list for PBXNativeTarget "SafariPortflowCoachDashboard (macOS)" */;
			buildPhases = (
				943E49762F34A066006E272C /* Sources */,
				943E49772F34A066006E272C /* Frameworks */,
				943E49782F34A066006E272C /* Resources */,
				943E49C22F34A066006E272C /* Embed Foundation Extensions */,
			);
			buildRules = (
			);
			dependencies = (
				943E49922F34A066006E272C /* PBXTargetDependency */,
			);
			fileSystemSynchronizedGroups = (
				943E497B2F34A066006E272C /* macOS (App) */,
			);
			name = "SafariPortflowCoachDashboard (macOS)";
			packageProductDependencies = (
			);
			productName = "SafariPortflowCoachDashboard (macOS)";
			productReference = 943E497A2F34A066006E272C /* SafariPortflowCoachDashboard.app */;
			productType = "com.apple.product-type.application";
		};
		943E49842F34A066006E272C /* SafariPortflowCoachDashboard Extension (iOS) */ = {
			isa = PBXNativeTarget;
			buildConfigurationList = 943E49B42F34A066006E272C /* Build configuration list for PBXNativeTarget "SafariPortflowCoachDashboard Extension (iOS)" */;
			buildPhases = (
				943E49812F34A066006E272C /* Sources */,
				943E49822F34A066006E272C /* Frameworks */,
				943E49832F34A066006E272C /* Resources */,
			);
			buildRules = (
			);
			dependencies = (
			);
			fileSystemSynchronizedGroups = (
				943E49892F34A066006E272C /* iOS (Extension) */,
			);
			name = "SafariPortflowCoachDashboard Extension (iOS)";
			packageProductDependencies = (
			);
			productName = "SafariPortflowCoachDashboard Extension (iOS)";
			productReference = 943E49852F34A066006E272C /* SafariPortflowCoachDashboard Extension.appex */;
			productType = "com.apple.product-type.app-extension";
		};
		943E498E2F34A066006E272C /* SafariPortflowCoachDashboard Extension (macOS) */ = {
			isa = PBXNativeTarget;
			buildConfigurationList = 943E49BE2F34A066006E272C /* Build configuration list for PBXNativeTarget "SafariPortflowCoachDashboard Extension (macOS)" */;
			buildPhases = (
				943E498B2F34A066006E272C /* Sources */,
				943E498C2F34A066006E272C /* Frameworks */,
				943E498D2F34A066006E272C /* Resources */,
			);
			buildRules = (
			);
			dependencies = (
			);
			fileSystemSynchronizedGroups = (
				943E49932F34A066006E272C /* macOS (Extension) */,
			);
			name = "SafariPortflowCoachDashboard Extension (macOS)";
			packageProductDependencies = (
			);
			productName = "SafariPortflowCoachDashboard Extension (macOS)";
			productReference = 943E498F2F34A066006E272C /* SafariPortflowCoachDashboard Extension.appex */;
			productType = "com.apple.product-type.app-extension";
		};
/* End PBXNativeTarget section */

/* Begin PBXProject section */
		943E494C2F34A064006E272C /* Project object */ = {
			isa = PBXProject;
			attributes = {
				BuildIndependentTargetsInParallel = 1;
				LastSwiftUpdateCheck = 2600;
				LastUpgradeCheck = 2600;
				TargetAttributes = {
					943E49672F34A066006E272C = {
						CreatedOnToolsVersion = 26.0.1;
					};
					943E49792F34A066006E272C = {
						CreatedOnToolsVersion = 26.0.1;
					};
					943E49842F34A066006E272C = {
						CreatedOnToolsVersion = 26.0.1;
					};
					943E498E2F34A066006E272C = {
						CreatedOnToolsVersion = 26.0.1;
					};
				};
			};
			buildConfigurationList = 943E494F2F34A064006E272C /* Build configuration list for PBXProject "SafariPortflowCoachDashboard" */;
			developmentRegion = en;
			hasScannedForEncodings = 0;
			knownRegions = (
				en,
				Base,
			);
			mainGroup = 943E494B2F34A064006E272C;
			minimizedProjectReferenceProxies = 1;
			preferredProjectObjectVersion = 77;
			productRefGroup = 943E49692F34A066006E272C /* Products */;
			projectDirPath = "";
			projectRoot = "";
			targets = (
				943E49672F34A066006E272C /* SafariPortflowCoachDashboard (iOS) */,
				943E49792F34A066006E272C /* SafariPortflowCoachDashboard (macOS) */,
				943E49842F34A066006E272C /* SafariPortflowCoachDashboard Extension (iOS) */,
				943E498E2F34A066006E272C /* SafariPortflowCoachDashboard Extension (macOS) */,
			);
		};
/* End PBXProject section */

/* Begin PBXResourcesBuildPhase section */
		943E49662F34A066006E272C /* Resources */ = {
			isa = PBXResourcesBuildPhase;
			buildActionMask = 2147483647;
			files = (
			);
			runOnlyForDeploymentPostprocessing = 0;
		};
		943E49782F34A066006E272C /* Resources */ = {
			isa = PBXResourcesBuildPhase;
			buildActionMask = 2147483647;
			files = (
			);
			runOnlyForDeploymentPostprocessing = 0;
		};
		943E49832F34A066006E272C /* Resources */ = {
			isa = PBXResourcesBuildPhase;
			buildActionMask = 2147483647;
			files = (
			);
			runOnlyForDeploymentPostprocessing = 0;
		};
		943E498D2F34A066006E272C /* Resources */ = {
			isa = PBXResourcesBuildPhase;
			buildActionMask = 2147483647;
			files = (
			);
			runOnlyForDeploymentPostprocessing = 0;
		};
/* End PBXResourcesBuildPhase section */

/* Begin PBXSourcesBuildPhase section */
		943E49642F34A066006E272C /* Sources */ = {
			isa = PBXSourcesBuildPhase;
			buildActionMask = 2147483647;
			files = (
			);
			runOnlyForDeploymentPostprocessing = 0;
		};
		943E49762F34A066006E272C /* Sources */ = {
			isa = PBXSourcesBuildPhase;
			buildActionMask = 2147483647;
			files = (
			);
			runOnlyForDeploymentPostprocessing = 0;
		};
		943E49812F34A066006E272C /* Sources */ = {
			isa = PBXSourcesBuildPhase;
			buildActionMask = 2147483647;
			files = (
			);
			runOnlyForDeploymentPostprocessing = 0;
		};
		943E498B2F34A066006E272C /* Sources */ = {
			isa = PBXSourcesBuildPhase;
			buildActionMask = 2147483647;
			files = (
			);
			runOnlyForDeploymentPostprocessing = 0;
		};
/* End PBXSourcesBuildPhase section */

/* Begin PBXTargetDependency section */
		943E49882F34A066006E272C /* PBXTargetDependency */ = {
			isa = PBXTargetDependency;
			target = 943E49842F34A066006E272C /* SafariPortflowCoachDashboard Extension (iOS) */;
			targetProxy = 943E49872F34A066006E272C /* PBXContainerItemProxy */;
		};
		943E49922F34A066006E272C /* PBXTargetDependency */ = {
			isa = PBXTargetDependency;
			target = 943E498E2F34A066006E272C /* SafariPortflowCoachDashboard Extension (macOS) */;
			targetProxy = 943E49912F34A066006E272C /* PBXContainerItemProxy */;
		};
/* End PBXTargetDependency section */

/* Begin XCBuildConfiguration section */
		943E49B52F34A066006E272C /* Debug */ = {
			isa = XCBuildConfiguration;
			buildSettings = {
				CODE_SIGN_STYLE = Automatic;
				CURRENT_PROJECT_VERSION = 1;
				DEVELOPMENT_TEAM = ZFDBYK6SMD;
				GENERATE_INFOPLIST_FILE = YES;
				INFOPLIST_FILE = "iOS (Extension)/Info.plist";
				INFOPLIST_KEY_CFBundleDisplayName = "SafariPortflowCoachDashboard Extension";
				INFOPLIST_KEY_NSHumanReadableCopyright = "";
				IPHONEOS_DEPLOYMENT_TARGET = 15.0;
				LD_RUNPATH_SEARCH_PATHS = (
					"$(inherited)",
					"@executable_path/Frameworks",
					"@executable_path/../../Frameworks",
				);
				MARKETING_VERSION = 1.0;
				OTHER_LDFLAGS = (
					"-framework",
					SafariServices,
				);
				PRODUCT_BUNDLE_IDENTIFIER = hu.nl.SafariPortflowCoachDashboard.Extension;
				PRODUCT_NAME = "SafariPortflowCoachDashboard Extension";
				SDKROOT = iphoneos;
				SKIP_INSTALL = YES;
				STRING_CATALOG_GENERATE_SYMBOLS = YES;
				SWIFT_APPROACHABLE_CONCURRENCY = YES;
				SWIFT_EMIT_LOC_STRINGS = YES;
				SWIFT_UPCOMING_FEATURE_MEMBER_IMPORT_VISIBILITY = YES;
				SWIFT_VERSION = 5.0;
				TARGETED_DEVICE_FAMILY = "1,2";
			};
			name = Debug;
		};
		943E49B62F34A066006E272C /* Release */ = {
			isa = XCBuildConfiguration;
			buildSettings = {
				CODE_SIGN_STYLE = Automatic;
				CURRENT_PROJECT_VERSION = 1;
				DEVELOPMENT_TEAM = ZFDBYK6SMD;
				GENERATE_INFOPLIST_FILE = YES;
				INFOPLIST_FILE = "iOS (Extension)/Info.plist";
				INFOPLIST_KEY_CFBundleDisplayName = "SafariPortflowCoachDashboard Extension";
				INFOPLIST_KEY_NSHumanReadableCopyright = "";
				IPHONEOS_DEPLOYMENT_TARGET = 15.0;
				LD_RUNPATH_SEARCH_PATHS = (
					"$(inherited)",
					"@executable_path/Frameworks",
					"@executable_path/../../Frameworks",
				);
				MARKETING_VERSION = 1.0;
				OTHER_LDFLAGS = (
					"-framework",
					SafariServices,
				);
				PRODUCT_BUNDLE_IDENTIFIER = hu.nl.SafariPortflowCoachDashboard.Extension;
				PRODUCT_NAME = "SafariPortflowCoachDashboard Extension";
				SDKROOT = iphoneos;
				SKIP_INSTALL = YES;
				STRING_CATALOG_GENERATE_SYMBOLS = YES;
				SWIFT_APPROACHABLE_CONCURRENCY = YES;
				SWIFT_EMIT_LOC_STRINGS = YES;
				SWIFT_UPCOMING_FEATURE_MEMBER_IMPORT_VISIBILITY = YES;
				SWIFT_VERSION = 5.0;
				TARGETED_DEVICE_FAMILY = "1,2";
				VALIDATE_PRODUCT = YES;
			};
			name = Release;
		};
		943E49BA2F34A066006E272C /* Debug */ = {
			isa = XCBuildConfiguration;
			buildSettings = {
				ASSETCATALOG_COMPILER_APPICON_NAME = AppIcon;
				ASSETCATALOG_COMPILER_GLOBAL_ACCENT_COLOR_NAME = AccentColor;
				CODE_SIGN_STYLE = Automatic;
				CURRENT_PROJECT_VERSION = 1;
				DEVELOPMENT_TEAM = ZFDBYK6SMD;
				GENERATE_INFOPLIST_FILE = YES;
				INFOPLIST_FILE = "iOS (App)/Info.plist";
				INFOPLIST_KEY_CFBundleDisplayName = SafariPortflowCoachDashboard;
				INFOPLIST_KEY_UIApplicationSupportsIndirectInputEvents = YES;
				INFOPLIST_KEY_UILaunchStoryboardName = LaunchScreen;
				INFOPLIST_KEY_UIMainStoryboardFile = Main;
				INFOPLIST_KEY_UISupportedInterfaceOrientations = "UIInterfaceOrientationPortrait UIInterfaceOrientationLandscapeLeft UIInterfaceOrientationLandscapeRight";
				INFOPLIST_KEY_UISupportedInterfaceOrientations_iPad = "UIInterfaceOrientationPortrait UIInterfaceOrientationPortraitUpsideDown UIInterfaceOrientationLandscapeLeft UIInterfaceOrientationLandscapeRight";
				IPHONEOS_DEPLOYMENT_TARGET = 15.0;
				LD_RUNPATH_SEARCH_PATHS = (
					"$(inherited)",
					"@executable_path/Frameworks",
				);
				MARKETING_VERSION = 1.0;
				OTHER_LDFLAGS = (
					"-framework",
					SafariServices,
					"-framework",
					WebKit,
				);
				PRODUCT_BUNDLE_IDENTIFIER = hu.nl.SafariPortflowCoachDashboard;
				PRODUCT_NAME = SafariPortflowCoachDashboard;
				SDKROOT = iphoneos;
				STRING_CATALOG_GENERATE_SYMBOLS = YES;
				SWIFT_APPROACHABLE_CONCURRENCY = YES;
				SWIFT_DEFAULT_ACTOR_ISOLATION = MainActor;
				SWIFT_EMIT_LOC_STRINGS = YES;
				SWIFT_UPCOMING_FEATURE_MEMBER_IMPORT_VISIBILITY = YES;
				SWIFT_VERSION = 5.0;
				TARGETED_DEVICE_FAMILY = "1,2";
			};
			name = Debug;
		};
		943E49BB2F34A066006E272C /* Release */ = {
			isa = XCBuildConfiguration;
			buildSettings = {
				ASSETCATALOG_COMPILER_APPICON_NAME = AppIcon;
				ASSETCATALOG_COMPILER_GLOBAL_ACCENT_COLOR_NAME = AccentColor;
				CODE_SIGN_STYLE = Automatic;
				CURRENT_PROJECT_VERSION = 1;
				DEVELOPMENT_TEAM = ZFDBYK6SMD;
				GENERATE_INFOPLIST_FILE = YES;
				INFOPLIST_FILE = "iOS (App)/Info.plist";
				INFOPLIST_KEY_CFBundleDisplayName = SafariPortflowCoachDashboard;
				INFOPLIST_KEY_UIApplicationSupportsIndirectInputEvents = YES;
				INFOPLIST_KEY_UILaunchStoryboardName = LaunchScreen;
				INFOPLIST_KEY_UIMainStoryboardFile = Main;
				INFOPLIST_KEY_UISupportedInterfaceOrientations = "UIInterfaceOrientationPortrait UIInterfaceOrientationLandscapeLeft UIInterfaceOrientationLandscapeRight";
				INFOPLIST_KEY_UISupportedInterfaceOrientations_iPad = "UIInterfaceOrientationPortrait UIInterfaceOrientationPortraitUpsideDown UIInterfaceOrientationLandscapeLeft UIInterfaceOrientationLandscapeRight";
				IPHONEOS_DEPLOYMENT_TARGET = 15.0;
				LD_RUNPATH_SEARCH_PATHS = (
					"$(inherited)",
					"@executable_path/Frameworks",
				);
				MARKETING_VERSION = 1.0;
				OTHER_LDFLAGS = (
					"-framework",
					SafariServices,
					"-framework",
					WebKit,
				);
				PRODUCT_BUNDLE_IDENTIFIER = hu.nl.SafariPortflowCoachDashboard;
				PRODUCT_NAME = SafariPortflowCoachDashboard;
				SDKROOT = iphoneos;
				STRING_CATALOG_GENERATE_SYMBOLS = YES;
				SWIFT_APPROACHABLE_CONCURRENCY = YES;
				SWIFT_DEFAULT_ACTOR_ISOLATION = MainActor;
				SWIFT_EMIT_LOC_STRINGS = YES;
				SWIFT_UPCOMING_FEATURE_MEMBER_IMPORT_VISIBILITY = YES;
				SWIFT_VERSION = 5.0;
				TARGETED_DEVICE_FAMILY = "1,2";
				VALIDATE_PRODUCT = YES;
			};
			name = Release;
		};
		943E49BF2F34A066006E272C /* Debug */ = {
			isa = XCBuildConfiguration;
			buildSettings = {
				CODE_SIGN_STYLE = Automatic;
				CURRENT_PROJECT_VERSION = 1;
				DEVELOPMENT_TEAM = ZFDBYK6SMD;
				ENABLE_APP_SANDBOX = YES;
				ENABLE_HARDENED_RUNTIME = YES;
				ENABLE_USER_SELECTED_FILES = readonly;
				GENERATE_INFOPLIST_FILE = YES;
				INFOPLIST_FILE = "macOS (Extension)/Info.plist";
				INFOPLIST_KEY_CFBundleDisplayName = "SafariPortflowCoachDashboard Extension";
				INFOPLIST_KEY_NSHumanReadableCopyright = "";
				LD_RUNPATH_SEARCH_PATHS = (
					"$(inherited)",
					"@executable_path/../Frameworks",
					"@executable_path/../../../../Frameworks",
				);
				MACOSX_DEPLOYMENT_TARGET = 10.14;
				MARKETING_VERSION = 1.0;
				OTHER_LDFLAGS = (
					"-framework",
					SafariServices,
				);
				PRODUCT_BUNDLE_IDENTIFIER = hu.nl.SafariPortflowCoachDashboard.Extension;
				PRODUCT_NAME = "SafariPortflowCoachDashboard Extension";
				SDKROOT = macosx;
				SKIP_INSTALL = YES;
				STRING_CATALOG_GENERATE_SYMBOLS = YES;
				SWIFT_APPROACHABLE_CONCURRENCY = YES;
				SWIFT_EMIT_LOC_STRINGS = YES;
				SWIFT_UPCOMING_FEATURE_MEMBER_IMPORT_VISIBILITY = YES;
				SWIFT_VERSION = 5.0;
			};
			name = Debug;
		};
		943E49C02F34A066006E272C /* Release */ = {
			isa = XCBuildConfiguration;
			buildSettings = {
				CODE_SIGN_STYLE = Automatic;
				CURRENT_PROJECT_VERSION = 1;
				DEVELOPMENT_TEAM = ZFDBYK6SMD;
				ENABLE_APP_SANDBOX = YES;
				ENABLE_HARDENED_RUNTIME = YES;
				ENABLE_USER_SELECTED_FILES = readonly;
				GENERATE_INFOPLIST_FILE = YES;
				INFOPLIST_FILE = "macOS (Extension)/Info.plist";
				INFOPLIST_KEY_CFBundleDisplayName = "SafariPortflowCoachDashboard Extension";
				INFOPLIST_KEY_NSHumanReadableCopyright = "";
				LD_RUNPATH_SEARCH_PATHS = (
					"$(inherited)",
					"@executable_path/../Frameworks",
					"@executable_path/../../../../Frameworks",
				);
				MACOSX_DEPLOYMENT_TARGET = 10.14;
				MARKETING_VERSION = 1.0;
				OTHER_LDFLAGS = (
					"-framework",
					SafariServices,
				);
				PRODUCT_BUNDLE_IDENTIFIER = hu.nl.SafariPortflowCoachDashboard.Extension;
				PRODUCT_NAME = "SafariPortflowCoachDashboard Extension";
				SDKROOT = macosx;
				SKIP_INSTALL = YES;
				STRING_CATALOG_GENERATE_SYMBOLS = YES;
				SWIFT_APPROACHABLE_CONCURRENCY = YES;
				SWIFT_EMIT_LOC_STRINGS = YES;
				SWIFT_UPCOMING_FEATURE_MEMBER_IMPORT_VISIBILITY = YES;
				SWIFT_VERSION = 5.0;
			};
			name = Release;
		};
		943E49C42F34A066006E272C /* Debug */ = {
			isa = XCBuildConfiguration;
			buildSettings = {
				ASSETCATALOG_COMPILER_APPICON_NAME = AppIcon;
				ASSETCATALOG_COMPILER_GLOBAL_ACCENT_COLOR_NAME = AccentColor;
				CODE_SIGN_STYLE = Automatic;
				CURRENT_PROJECT_VERSION = 1;
				DEVELOPMENT_TEAM = ZFDBYK6SMD;
				ENABLE_APP_SANDBOX = YES;
				ENABLE_HARDENED_RUNTIME = YES;
				ENABLE_OUTGOING_NETWORK_CONNECTIONS = YES;
				ENABLE_USER_SELECTED_FILES = readonly;
				GENERATE_INFOPLIST_FILE = YES;
				INFOPLIST_KEY_CFBundleDisplayName = SafariPortflowCoachDashboard;
				INFOPLIST_KEY_NSMainStoryboardFile = Main;
				INFOPLIST_KEY_NSPrincipalClass = NSApplication;
				LD_RUNPATH_SEARCH_PATHS = (
					"$(inherited)",
					"@executable_path/../Frameworks",
				);
				MACOSX_DEPLOYMENT_TARGET = 10.14;
				MARKETING_VERSION = 1.0;
				OTHER_LDFLAGS = (
					"-framework",
					SafariServices,
					"-framework",
					WebKit,
				);
				PRODUCT_BUNDLE_IDENTIFIER = hu.nl.SafariPortflowCoachDashboard;
				PRODUCT_NAME = SafariPortflowCoachDashboard;
				REGISTER_APP_GROUPS = YES;
				SDKROOT = macosx;
				STRING_CATALOG_GENERATE_SYMBOLS = YES;
				SWIFT_APPROACHABLE_CONCURRENCY = YES;
				SWIFT_DEFAULT_ACTOR_ISOLATION = MainActor;
				SWIFT_EMIT_LOC_STRINGS = YES;
				SWIFT_UPCOMING_FEATURE_MEMBER_IMPORT_VISIBILITY = YES;
				SWIFT_VERSION = 5.0;
			};
			name = Debug;
		};
		943E49C52F34A066006E272C /* Release */ = {
			isa = XCBuildConfiguration;
			buildSettings = {
				ASSETCATALOG_COMPILER_APPICON_NAME = AppIcon;
				ASSETCATALOG_COMPILER_GLOBAL_ACCENT_COLOR_NAME = AccentColor;
				CODE_SIGN_STYLE = Automatic;
				CURRENT_PROJECT_VERSION = 1;
				DEVELOPMENT_TEAM = ZFDBYK6SMD;
				ENABLE_APP_SANDBOX = YES;
				ENABLE_HARDENED_RUNTIME = YES;
				ENABLE_OUTGOING_NETWORK_CONNECTIONS = YES;
				ENABLE_USER_SELECTED_FILES = readonly;
				GENERATE_INFOPLIST_FILE = YES;
				INFOPLIST_KEY_CFBundleDisplayName = SafariPortflowCoachDashboard;
				INFOPLIST_KEY_NSMainStoryboardFile = Main;
				INFOPLIST_KEY_NSPrincipalClass = NSApplication;
				LD_RUNPATH_SEARCH_PATHS = (
					"$(inherited)",
					"@executable_path/../Frameworks",
				);
				MACOSX_DEPLOYMENT_TARGET = 10.14;
				MARKETING_VERSION = 1.0;
				OTHER_LDFLAGS = (
					"-framework",
					SafariServices,
					"-framework",
					WebKit,
				);
				PRODUCT_BUNDLE_IDENTIFIER = hu.nl.SafariPortflowCoachDashboard;
				PRODUCT_NAME = SafariPortflowCoachDashboard;
				REGISTER_APP_GROUPS = YES;
				SDKROOT = macosx;
				STRING_CATALOG_GENERATE_SYMBOLS = YES;
				SWIFT_APPROACHABLE_CONCURRENCY = YES;
				SWIFT_DEFAULT_ACTOR_ISOLATION = MainActor;
				SWIFT_EMIT_LOC_STRINGS = YES;
				SWIFT_UPCOMING_FEATURE_MEMBER_IMPORT_VISIBILITY = YES;
				SWIFT_VERSION = 5.0;
			};
			name = Release;
		};
		943E49C82F34A066006E272C /* Debug */ = {
			isa = XCBuildConfiguration;
			buildSettings = {
				ALWAYS_SEARCH_USER_PATHS = NO;
				ASSETCATALOG_COMPILER_GENERATE_SWIFT_ASSET_SYMBOL_EXTENSIONS = YES;
				CLANG_ANALYZER_NONNULL = YES;
				CLANG_ANALYZER_NUMBER_OBJECT_CONVERSION = YES_AGGRESSIVE;
				CLANG_CXX_LANGUAGE_STANDARD = "gnu++20";
				CLANG_ENABLE_MODULES = YES;
				CLANG_ENABLE_OBJC_ARC = YES;
				CLANG_ENABLE_OBJC_WEAK = YES;
				CLANG_WARN_BLOCK_CAPTURE_AUTORELEASING = YES;
				CLANG_WARN_BOOL_CONVERSION = YES;
				CLANG_WARN_COMMA = YES;
				CLANG_WARN_CONSTANT_CONVERSION = YES;
				CLANG_WARN_DEPRECATED_OBJC_IMPLEMENTATIONS = YES;
				CLANG_WARN_DIRECT_OBJC_ISA_USAGE = YES_ERROR;
				CLANG_WARN_DOCUMENTATION_COMMENTS = YES;
				CLANG_WARN_EMPTY_BODY = YES;
				CLANG_WARN_ENUM_CONVERSION = YES;
				CLANG_WARN_INFINITE_RECURSION = YES;
				CLANG_WARN_INT_CONVERSION = YES;
				CLANG_WARN_NON_LITERAL_NULL_CONVERSION = YES;
				CLANG_WARN_OBJC_IMPLICIT_RETAIN_SELF = YES;
				CLANG_WARN_OBJC_LITERAL_CONVERSION = YES;
				CLANG_WARN_OBJC_ROOT_CLASS = YES_ERROR;
				CLANG_WARN_QUOTED_INCLUDE_IN_FRAMEWORK_HEADER = YES;
				CLANG_WARN_RANGE_LOOP_ANALYSIS = YES;
				CLANG_WARN_STRICT_PROTOTYPES = YES;
				CLANG_WARN_SUSPICIOUS_MOVE = YES;
				CLANG_WARN_UNGUARDED_AVAILABILITY = YES_AGGRESSIVE;
				CLANG_WARN_UNREACHABLE_CODE = YES;
				CLANG_WARN__DUPLICATE_METHOD_MATCH = YES;
				COPY_PHASE_STRIP = NO;
				DEBUG_INFORMATION_FORMAT = dwarf;
				DEVELOPMENT_TEAM = ZFDBYK6SMD;
				ENABLE_STRICT_OBJC_MSGSEND = YES;
				ENABLE_TESTABILITY = YES;
				ENABLE_USER_SCRIPT_SANDBOXING = YES;
				GCC_C_LANGUAGE_STANDARD = gnu17;
				GCC_DYNAMIC_NO_PIC = NO;
				GCC_NO_COMMON_BLOCKS = YES;
				GCC_OPTIMIZATION_LEVEL = 0;
				GCC_PREPROCESSOR_DEFINITIONS = (
					"DEBUG=1",
					"$(inherited)",
				);
				GCC_WARN_64_TO_32_BIT_CONVERSION = YES;
				GCC_WARN_ABOUT_RETURN_TYPE = YES_ERROR;
				GCC_WARN_UNDECLARED_SELECTOR = YES;
				GCC_WARN_UNINITIALIZED_AUTOS = YES_AGGRESSIVE;
				GCC_WARN_UNUSED_FUNCTION = YES;
				GCC_WARN_UNUSED_VARIABLE = YES;
				LOCALIZATION_PREFERS_STRING_CATALOGS = YES;
				MTL_ENABLE_DEBUG_INFO = INCLUDE_SOURCE;
				MTL_FAST_MATH = YES;
				ONLY_ACTIVE_ARCH = YES;
				SWIFT_ACTIVE_COMPILATION_CONDITIONS = "DEBUG $(inherited)";
				SWIFT_OPTIMIZATION_LEVEL = "-Onone";
			};
			name = Debug;
		};
		943E49C92F34A066006E272C /* Release */ = {
			isa = XCBuildConfiguration;
			buildSettings = {
				ALWAYS_SEARCH_USER_PATHS = NO;
				ASSETCATALOG_COMPILER_GENERATE_SWIFT_ASSET_SYMBOL_EXTENSIONS = YES;
				CLANG_ANALYZER_NONNULL = YES;
				CLANG_ANALYZER_NUMBER_OBJECT_CONVERSION = YES_AGGRESSIVE;
				CLANG_CXX_LANGUAGE_STANDARD = "gnu++20";
				CLANG_ENABLE_MODULES = YES;
				CLANG_ENABLE_OBJC_ARC = YES;
				CLANG_ENABLE_OBJC_WEAK = YES;
				CLANG_WARN_BLOCK_CAPTURE_AUTORELEASING = YES;
				CLANG_WARN_BOOL_CONVERSION = YES;
				CLANG_WARN_COMMA = YES;
				CLANG_WARN_CONSTANT_CONVERSION = YES;
				CLANG_WARN_DEPRECATED_OBJC_IMPLEMENTATIONS = YES;
				CLANG_WARN_DIRECT_OBJC_ISA_USAGE = YES_ERROR;
				CLANG_WARN_DOCUMENTATION_COMMENTS = YES;
				CLANG_WARN_EMPTY_BODY = YES;
				CLANG_WARN_ENUM_CONVERSION = YES;
				CLANG_WARN_INFINITE_RECURSION = YES;
				CLANG_WARN_INT_CONVERSION = YES;
				CLANG_WARN_NON_LITERAL_NULL_CONVERSION = YES;
				CLANG_WARN_OBJC_IMPLICIT_RETAIN_SELF = YES;
				CLANG_WARN_OBJC_LITERAL_CONVERSION = YES;
				CLANG_WARN_OBJC_ROOT_CLASS = YES_ERROR;
				CLANG_WARN_QUOTED_INCLUDE_IN_FRAMEWORK_HEADER = YES;
				CLANG_WARN_RANGE_LOOP_ANALYSIS = YES;
				CLANG_WARN_STRICT_PROTOTYPES = YES;
				CLANG_WARN_SUSPICIOUS_MOVE = YES;
				CLANG_WARN_UNGUARDED_AVAILABILITY = YES_AGGRESSIVE;
				CLANG_WARN_UNREACHABLE_CODE = YES;
				CLANG_WARN__DUPLICATE_METHOD_MATCH = YES;
				COPY_PHASE_STRIP = NO;
				DEBUG_INFORMATION_FORMAT = "dwarf-with-dsym";
				DEVELOPMENT_TEAM = ZFDBYK6SMD;
				ENABLE_NS_ASSERTIONS = NO;
				ENABLE_STRICT_OBJC_MSGSEND = YES;
				ENABLE_USER_SCRIPT_SANDBOXING = YES;
				GCC_C_LANGUAGE_STANDARD = gnu17;
				GCC_NO_COMMON_BLOCKS = YES;
				GCC_WARN_64_TO_32_BIT_CONVERSION = YES;
				GCC_WARN_ABOUT_RETURN_TYPE = YES_ERROR;
				GCC_WARN_UNDECLARED_SELECTOR = YES;
				GCC_WARN_UNINITIALIZED_AUTOS = YES_AGGRESSIVE;
				GCC_WARN_UNUSED_FUNCTION = YES;
				GCC_WARN_UNUSED_VARIABLE = YES;
				LOCALIZATION_PREFERS_STRING_CATALOGS = YES;
				MTL_ENABLE_DEBUG_INFO = NO;
				MTL_FAST_MATH = YES;
				SWIFT_COMPILATION_MODE = wholemodule;
			};
			name = Release;
		};
/* End XCBuildConfiguration section */

/* Begin XCConfigurationList section */
		943E494F2F34A064006E272C /* Build configuration list for PBXProject "SafariPortflowCoachDashboard" */ = {
			isa = XCConfigurationList;
			buildConfigurations = (
				943E49C82F34A066006E272C /* Debug */,
				943E49C92F34A066006E272C /* Release */,
			);
			defaultConfigurationIsVisible = 0;
			defaultConfigurationName = Release;
		};
		943E49B42F34A066006E272C /* Build configuration list for PBXNativeTarget "SafariPortflowCoachDashboard Extension (iOS)" */ = {
			isa = XCConfigurationList;
			buildConfigurations = (
				943E49B52F34A066006E272C /* Debug */,
				943E49B62F34A066006E272C /* Release */,
			);
			defaultConfigurationIsVisible = 0;
			defaultConfigurationName = Release;
		};
		943E49B92F34A066006E272C /* Build configuration list for PBXNativeTarget "SafariPortflowCoachDashboard (iOS)" */ = {
			isa = XCConfigurationList;
			buildConfigurations = (
				943E49BA2F34A066006E272C /* Debug */,
				943E49BB2F34A066006E272C /* Release */,
			);
			defaultConfigurationIsVisible = 0;
			defaultConfigurationName = Release;
		};
		943E49BE2F34A066006E272C /* Build configuration list for PBXNativeTarget "SafariPortflowCoachDashboard Extension (macOS)" */ = {
			isa = XCConfigurationList;
			buildConfigurations = (
				943E49BF2F34A066006E272C /* Debug */,
				943E49C02F34A066006E272C /* Release */,
			);
			defaultConfigurationIsVisible = 0;
			defaultConfigurationName = Release;
		};
		943E49C32F34A066006E272C /* Build configuration list for PBXNativeTarget "SafariPortflowCoachDashboard (macOS)" */ = {
			isa = XCConfigurationList;
			buildConfigurations = (
				943E49C42F34A066006E272C /* Debug */,
				943E49C52F34A066006E272C /* Release */,
			);
			defaultConfigurationIsVisible = 0;
			defaultConfigurationName = Release;
		};
/* End XCConfigurationList section */
	};
	rootObject = 943E494C2F34A064006E272C /* Project object */;
}
